
Microsoft Visual Studio Solution File, Format Version 12.00
# Visual Studio Version 17
VisualStudioVersion = 17.6.33723.286
MinimumVisualStudioVersion = 10.0.40219.1
Project("{FAE04EC0-301F-11D3-BF4B-00C04F79EFBC}") = "Class_Project", "Class_Project.csproj", "{B7A60AC9-EC9C-456D-8FA3-4BFFF7771253}"
EndProject
Global
	GlobalSection(SolutionConfigurationPlatforms) = preSolution
		Debug|Any CPU = Debug|Any CPU
		Release|Any CPU = Release|Any CPU
	EndGlobalSection
	GlobalSection(ProjectConfigurationPlatforms) = postSolution
		{B7A60AC9-EC9C-456D-8FA3-4BFFF7771253}.Debug|Any CPU.ActiveCfg = Debug|Any CPU
		{B7A60AC9-EC9C-456D-8FA3-4BFFF7771253}.Debug|Any CPU.Build.0 = Debug|Any CPU
		{B7A60AC9-EC9C-456D-8FA3-4BFFF7771253}.Release|Any CPU.ActiveCfg = Release|Any CPU
		{B7A60AC9-EC9C-456D-8FA3-4BFFF7771253}.Release|Any CPU.Build.0 = Release|Any CPU
	EndGlobalSection
	GlobalSection(SolutionProperties) = preSolution
		HideSolutionNode = FALSE
	EndGlobalSection
	GlobalSection(ExtensibilityGlobals) = postSolution
		SolutionGuid = {710B298D-E8FA-46B6-85CE-756FBF711DE7}
	EndGlobalSection
EndGlobal
